// !$*UTF8*$!
{
	archiveVersion = 1;
	classes = {
	};
	objectVersion = 46;
	objects = {

/* Begin PBXBuildFile section */
		7974F0D91AFEF69F00C379A7 /* main.m in Sources */ = {isa = PBXBuildFile; fileRef = 7974F0D81AFEF69F00C379A7 /* main.m */; };
		7974F0DC1AFEF69F00C379A7 /* AppDelegate.m in Sources */ = {isa = PBXBuildFile; fileRef = 7974F0DB1AFEF69F00C379A7 /* AppDelegate.m */; };
		7974F0DE1AFEF69F00C379A7 /* Images.xcassets in Resources */ = {isa = PBXBuildFile; fileRef = 7974F0DD1AFEF69F00C379A7 /* Images.xcassets */; };
		7974F0E11AFEF69F00C379A7 /* LaunchScreen.xib in Resources */ = {isa = PBXBuildFile; fileRef = 7974F0DF1AFEF69F00C379A7 /* LaunchScreen.xib */; };
		7974F0ED1AFEF69F00C379A7 /* CameraTests.m in Sources */ = {isa = PBXBuildFile; fileRef = 7974F0EC1AFEF69F00C379A7 /* CameraTests.m */; };
		7974F0F81AFEF6C300C379A7 /* RootViewController.m in Sources */ = {isa = PBXBuildFile; fileRef = 7974F0F71AFEF6C300C379A7 /* RootViewController.m */; };
/* End PBXBuildFile section */

/* Begin PBXContainerItemProxy section */
		7974F0E71AFEF69F00C379A7 /* PBXContainerItemProxy */ = {
			isa = PBXContainerItemProxy;
			containerPortal = 7974F0CB1AFEF69F00C379A7 /* Project object */;
			proxyType = 1;
			remoteGlobalIDString = 7974F0D21AFEF69F00C379A7;
			remoteInfo = Camera;
		};
/* End PBXContainerItemProxy section */

/* Begin PBXFileReference section */
		7974F0D31AFEF69F00C379A7 /* Camera.app */ = {isa = PBXFileReference; explicitFileType = wrapper.application; includeInIndex = 0; path = Camera.app; sourceTree = BUILT_PRODUCTS_DIR; };
		7974F0D71AFEF69F00C379A7 /* Info.plist */ = {isa = PBXFileReference; lastKnownFileType = text.plist.xml; path = Info.plist; sourceTree = "<group>"; };
		7974F0D81AFEF69F00C379A7 /* main.m */ = {isa = PBXFileReference; lastKnownFileType = sourcecode.c.objc; path = main.m; sourceTree = "<group>"; };
		7974F0DA1AFEF69F00C379A7 /* AppDelegate.h */ = {isa = PBXFileReference; lastKnownFileType = sourcecode.c.h; path = AppDelegate.h; sourceTree = "<group>"; };
		7974F0DB1AFEF69F00C379A7 /* AppDelegate.m */ = {isa = PBXFileReference; lastKnownFileType = sourcecode.c.objc; path = AppDelegate.m; sourceTree = "<group>"; };
		7974F0DD1AFEF69F00C379A7 /* Images.xcassets */ = {isa = PBXFileReference; lastKnownFileType = folder.assetcatalog; path = Images.xcassets; sourceTree = "<group>"; };
		7974F0E01AFEF69F00C379A7 /* Base */ = {isa = PBXFileReference; lastKnownFileType = file.xib; name = Base; path = Base.lproj/LaunchScreen.xib; sourceTree = "<group>"; };
		7974F0E61AFEF69F00C379A7 /* CameraTests.xctest */ = {isa = PBXFileReference; explicitFileType = wrapper.cfbundle; includeInIndex = 0; path = CameraTests.xctest; sourceTree = BUILT_PRODUCTS_DIR; };
		7974F0EB1AFEF69F00C379A7 /* Info.plist */ = {isa = PBXFileReference; lastKnownFileType = text.plist.xml; path = Info.plist; sourceTree = "<group>"; };
		7974F0EC1AFEF69F00C379A7 /* CameraTests.m */ = {isa = PBXFileReference; lastKnownFileType = sourcecode.c.objc; path = CameraTests.m; sourceTree = "<group>"; };
		7974F0F61AFEF6C300C379A7 /* RootViewController.h */ = {isa = PBXFileReference; fileEncoding = 4; lastKnownFileType = sourcecode.c.h; path = RootViewController.h; sourceTree = "<group>"; };
		7974F0F71AFEF6C300C379A7 /* RootViewController.m */ = {isa = PBXFileReference; fileEncoding = 4; lastKnownFileType = sourcecode.c.objc; path = RootViewController.m; sourceTree = "<group>"; };
/* End PBXFileReference section */

/* Begin PBXFrameworksBuildPhase section */
		7974F0D01AFEF69F00C379A7 /* Frameworks */ = {
			isa = PBXFrameworksBuildPhase;
			buildActionMask = 2147483647;
			files = (
			);
			runOnlyForDeploymentPostprocessing = 0;
		};
		7974F0E31AFEF69F00C379A7 /* Frameworks */ = {
			isa = PBXFrameworksBuildPhase;
			buildActionMask = 2147483647;
			files = (
			);
			runOnlyForDeploymentPostprocessing = 0;
		};
/* End PBXFrameworksBuildPhase section */

/* Begin PBXGroup section */
		7974F0CA1AFEF69F00C379A7 = {
			isa = PBXGroup;
			children = (
				7974F0D51AFEF69F00C379A7 /* Camera */,
				7974F0E91AFEF69F00C379A7 /* CameraTests */,
				7974F0D41AFEF69F00C379A7 /* Products */,
			);
			sourceTree = "<group>";
		};
		7974F0D41AFEF69F00C379A7 /* Products */ = {
			isa = PBXGroup;
			children = (
				7974F0D31AFEF69F00C379A7 /* Camera.app */,
				7974F0E61AFEF69F00C379A7 /* CameraTests.xctest */,
			);
			name = Products;
			sourceTree = "<group>";
		};
		7974F0D51AFEF69F00C379A7 /* Camera */ = {
			isa = PBXGroup;
			children = (
				7974F0F61AFEF6C300C379A7 /* RootViewController.h */,
				7974F0F71AFEF6C300C379A7 /* RootViewController.m */,
				7974F0D61AFEF69F00C379A7 /* Supporting Files */,
			);
			path = Camera;
			sourceTree = "<group>";
		};
		7974F0D61AFEF69F00C379A7 /* Supporting Files */ = {
			isa = PBXGroup;
			children = (
				7974F0DA1AFEF69F00C379A7 /* AppDelegate.h */,
				7974F0DB1AFEF69F00C379A7 /* AppDelegate.m */,
				7974F0DD1AFEF69F00C379A7 /* Images.xcassets */,
				7974F0DF1AFEF69F00C379A7 /* LaunchScreen.xib */,
				7974F0D71AFEF69F00C379A7 /* Info.plist */,
				7974F0D81AFEF69F00C379A7 /* main.m */,
			);
			name = "Supporting Files";
			sourceTree = "<group>";
		};
		7974F0E91AFEF69F00C379A7 /* CameraTests */ = {
			isa = PBXGroup;
			children = (
				7974F0EC1AFEF69F00C379A7 /* CameraTests.m */,
				7974F0EA1AFEF69F00C379A7 /* Supporting Files */,
			);
			path = CameraTests;
			sourceTree = "<group>";
		};
		7974F0EA1AFEF69F00C379A7 /* Supporting Files */ = {
			isa = PBXGroup;
			children = (
				7974F0EB1AFEF69F00C379A7 /* Info.plist */,
			);
			name = "Supporting Files";
			sourceTree = "<group>";
		};
/* End PBXGroup section */

/* Begin PBXNativeTarget section */
		7974F0D21AFEF69F00C379A7 /* Camera */ = {
			isa = PBXNativeTarget;
			buildConfigurationList = 7974F0F01AFEF69F00C379A7 /* Build configuration list for PBXNativeTarget "Camera" */;
			buildPhases = (
				7974F0CF1AFEF69F00C379A7 /* Sources */,
				7974F0D01AFEF69F00C379A7 /* Frameworks */,
				7974F0D11AFEF69F00C379A7 /* Resources */,
			);
			buildRules = (
			);
			dependencies = (
			);
			name = Camera;
			productName = Camera;
			productReference = 7974F0D31AFEF69F00C379A7 /* Camera.app */;
			productType = "com.apple.product-type.application";
		};
		7974F0E51AFEF69F00C379A7 /* CameraTests */ = {
			isa = PBXNativeTarget;
			buildConfigurationList = 7974F0F31AFEF69F00C379A7 /* Build configuration list for PBXNativeTarget "CameraTests" */;
			buildPhases = (
				7974F0E21AFEF69F00C379A7 /* Sources */,
				7974F0E31AFEF69F00C379A7 /* Frameworks */,
				7974F0E41AFEF69F00C379A7 /* Resources */,
			);
			buildRules = (
			);
			dependencies = (
				7974F0E81AFEF69F00C379A7 /* PBXTargetDependency */,
			);
			name = CameraTests;
			productName = CameraTests;
			productReference = 7974F0E61AFEF69F00C379A7 /* CameraTests.xctest */;
			productType = "com.apple.product-type.bundle.unit-test";
		};
/* End PBXNativeTarget section */

/* Begin PBXProject section */
		7974F0CB1AFEF69F00C379A7 /* Project object */ = {
			isa = PBXProject;
			attributes = {
				LastUpgradeCheck = 0630;
				ORGANIZATIONNAME = wangdehuai;
				TargetAttributes = {
					7974F0D21AFEF69F00C379A7 = {
						CreatedOnToolsVersion = 6.3.1;
						DevelopmentTeam = 8NS66RBJDR;
					};
					7974F0E51AFEF69F00C379A7 = {
						CreatedOnToolsVersion = 6.3.1;
						TestTargetID = 7974F0D21AFEF69F00C379A7;
					};
				};
			};
			buildConfigurationList = 7974F0CE1AFEF69F00C379A7 /* Build configuration list for PBXProject "Camera" */;
			compatibilityVersion = "Xcode 3.2";
			developmentRegion = English;
			hasScannedForEncodings = 0;
			knownRegions = (
				en,
				Base,
			);
			mainGroup = 7974F0CA1AFEF69F00C379A7;
			productRefGroup = 7974F0D41AFEF69F00C379A7 /* Products */;
			projectDirPath = "";
			projectRoot = "";
			targets = (
				7974F0D21AFEF69F00C379A7 /* Camera */,
				7974F0E51AFEF69F00C379A7 /* CameraTests */,
			);
		};
/* End PBXProject section */

/* Begin PBXResourcesBuildPhase section */
		7974F0D11AFEF69F00C379A7 /* Resources */ = {
			isa = PBXResourcesBuildPhase;
			buildActionMask = 2147483647;
			files = (
				7974F0E11AFEF69F00C379A7 /* LaunchScreen.xib in Resources */,
				7974F0DE1AFEF69F00C379A7 /* Images.xcassets in Resources */,
			);
			runOnlyForDeploymentPostprocessing = 0;
		};
		7974F0E41AFEF69F00C379A7 /* Resources */ = {
			isa = PBXResourcesBuildPhase;
			buildActionMask = 2147483647;
			files = (
			);
			runOnlyForDeploymentPostprocessing = 0;
		};
/* End PBXResourcesBuildPhase section */

/* Begin PBXSourcesBuildPhase section */
		7974F0CF1AFEF69F00C379A7 /* Sources */ = {
			isa = PBXSourcesBuildPhase;
			buildActionMask = 2147483647;
			files = (
				7974F0DC1AFEF69F00C379A7 /* AppDelegate.m in Sources */,
				7974F0D91AFEF69F00C379A7 /* main.m in Sources */,
				7974F0F81AFEF6C300C379A7 /* RootViewController.m in Sources */,
			);
			runOnlyForDeploymentPostprocessing = 0;
		};
		7974F0E21AFEF69F00C379A7 /* Sources */ = {
			isa = PBXSourcesBuildPhase;
			buildActionMask = 2147483647;
			files = (
				7974F0ED1AFEF69F00C379A7 /* CameraTests.m in Sources */,
			);
			runOnlyForDeploymentPostprocessing = 0;
		};
/* End PBXSourcesBuildPhase section */

/* Begin PBXTargetDependency section */
		7974F0E81AFEF69F00C379A7 /* PBXTargetDependency */ = {
			isa = PBXTargetDependency;
			target = 7974F0D21AFEF69F00C379A7 /* Camera */;
			targetProxy = 7974F0E71AFEF69F00C379A7 /* PBXContainerItemProxy */;
		};
/* End PBXTargetDependency section */

/* Begin PBXVariantGroup section */
		7974F0DF1AFEF69F00C379A7 /* LaunchScreen.xib */ = {
			isa = PBXVariantGroup;
			children = (
				7974F0E01AFEF69F00C379A7 /* Base */,
			);
			name = LaunchScreen.xib;
			sourceTree = "<group>";
		};
/* End PBXVariantGroup section */

/* Begin XCBuildConfiguration section */
		7974F0EE1AFEF69F00C379A7 /* Debug */ = {
			isa = XCBuildConfiguration;
			buildSettings = {
				ALWAYS_SEARCH_USER_PATHS = NO;
				CLANG_CXX_LANGUAGE_STANDARD = "gnu++0x";
				CLANG_CXX_LIBRARY = "libc++";
				CLANG_ENABLE_MODULES = YES;
				CLANG_ENABLE_OBJC_ARC = YES;
				CLANG_WARN_BOOL_CONVERSION = YES;
				CLANG_WARN_CONSTANT_CONVERSION = YES;
				CLANG_WARN_DIRECT_OBJC_ISA_USAGE = YES_ERROR;
				CLANG_WARN_EMPTY_BODY = YES;
				CLANG_WARN_ENUM_CONVERSION = YES;
				CLANG_WARN_INT_CONVERSION = YES;
				CLANG_WARN_OBJC_ROOT_CLASS = YES_ERROR;
				CLANG_WARN_UNREACHABLE_CODE = YES;
				CLANG_WARN__DUPLICATE_METHOD_MATCH = YES;
				"CODE_SIGN_IDENTITY[sdk=iphoneos*]" = "iPhone Developer";
				COPY_PHASE_STRIP = NO;
				DEBUG_INFORMATION_FORMAT = "dwarf-with-dsym";
				ENABLE_STRICT_OBJC_MSGSEND = YES;
				GCC_C_LANGUAGE_STANDARD = gnu99;
				GCC_DYNAMIC_NO_PIC = NO;
				GCC_NO_COMMON_BLOCKS = YES;
				GCC_OPTIMIZATION_LEVEL = 0;
				GCC_PREPROCESSOR_DEFINITIONS = (
					"DEBUG=1",
					"$(inherited)",
				);
				GCC_SYMBOLS_PRIVATE_EXTERN = NO;
				GCC_WARN_64_TO_32_BIT_CONVERSION = YES;
				GCC_WARN_ABOUT_RETURN_TYPE = YES_ERROR;
				GCC_WARN_UNDECLARED_SELECTOR = YES;
				GCC_WARN_UNINITIALIZED_AUTOS = YES_AGGRESSIVE;
				GCC_WARN_UNUSED_FUNCTION = YES;
				GCC_WARN_UNUSED_VARIABLE = YES;
				IPHONEOS_DEPLOYMENT_TARGET = 8.3;
				MTL_ENABLE_DEBUG_INFO = YES;
				ONLY_ACTIVE_ARCH = YES;
				SDKROOT = iphoneos;
				TARGETED_DEVICE_FAMILY = "1,2";
			};
			name = Debug;
		};
		7974F0EF1AFEF69F00C379A7 /* Release */ = {
			isa = XCBuildConfiguration;
			buildSettings = {
				ALWAYS_SEARCH_USER_PATHS = NO;
				CLANG_CXX_LANGUAGE_STANDARD = "gnu++0x";
				CLANG_CXX_LIBRARY = "libc++";
				CLANG_ENABLE_MODULES = YES;
				CLANG_ENABLE_OBJC_ARC = YES;
				CLANG_WARN_BOOL_CONVERSION = YES;
				CLANG_WARN_CONSTANT_CONVERSION = YES;
				CLANG_WARN_DIRECT_OBJC_ISA_USAGE = YES_ERROR;
				CLANG_WARN_EMPTY_BODY = YES;
				CLANG_WARN_ENUM_CONVERSION = YES;
				CLANG_WARN_INT_CONVERSION = YES;
				CLANG_WARN_OBJC_ROOT_CLASS = YES_ERROR;
				CLANG_WARN_UNREACHABLE_CODE = YES;
				CLANG_WARN__DUPLICATE_METHOD_MATCH = YES;
				"CODE_SIGN_IDENTITY[sdk=iphoneos*]" = "iPhone Developer";
				COPY_PHASE_STRIP = NO;
				DEBUG_INFORMATION_FORMAT = "dwarf-with-dsym";
				ENABLE_NS_ASSERTIONS = NO;
				ENABLE_STRICT_OBJC_MSGSEND = YES;
				GCC_C_LANGUAGE_STANDARD = gnu99;
				GCC_NO_COMMON_BLOCKS = YES;
				GCC_WARN_64_TO_32_BIT_CONVERSION = YES;
				GCC_WARN_ABOUT_RETURN_TYPE = YES_ERROR;
				GCC_WARN_UNDECLARED_SELECTOR = YES;
				GCC_WARN_UNINITIALIZED_AUTOS = YES_AGGRESSIVE;
				GCC_WARN_UNUSED_FUNCTION = YES;
				GCC_WARN_UNUSED_VARIABLE = YES;
				IPHONEOS_DEPLOYMENT_TARGET = 8.3;
				MTL_ENABLE_DEBUG_INFO = NO;
				SDKROOT = iphoneos;
				TARGETED_DEVICE_FAMILY = "1,2";
				VALIDATE_PRODUCT = YES;
			};
			name = Release;
		};
		7974F0F11AFEF69F00C379A7 /* Debug */ = {
			isa = XCBuildConfiguration;
			buildSettings = {
				ASSETCATALOG_COMPILER_APPICON_NAME = AppIcon;
				CODE_SIGN_IDENTITY = "iPhone Distribution: si zhen (8NS66RBJDR)";
				INFOPLIST_FILE = Camera/Info.plist;
				LD_RUNPATH_SEARCH_PATHS = "$(inherited) @executable_path/Frameworks";
				PRODUCT_NAME = "$(TARGET_NAME)";
			};
			name = Debug;
		};
		7974F0F21AFEF69F00C379A7 /* Release */ = {
			isa = XCBuildConfiguration;
			buildSettings = {
				ASSETCATALOG_COMPILER_APPICON_NAME = AppIcon;
				CODE_SIGN_IDENTITY = "iPhone Distribution: si zhen (8NS66RBJDR)";
				INFOPLIST_FILE = Camera/Info.plist;
				LD_RUNPATH_SEARCH_PATHS = "$(inherited) @executable_path/Frameworks";
				PRODUCT_NAME = "$(TARGET_NAME)";
			};
			name = Release;
		};
		7974F0F41AFEF69F00C379A7 /* Debug */ = {
			isa = XCBuildConfiguration;
			buildSettings = {
				BUNDLE_LOADER = "$(TEST_HOST)";
				FRAMEWORK_SEARCH_PATHS = (
					"$(SDKROOT)/Developer/Library/Frameworks",
					"$(inherited)",
				);
				GCC_PREPROCESSOR_DEFINITIONS = (
					"DEBUG=1",
					"$(inherited)",
				);
				INFOPLIST_FILE = CameraTests/Info.plist;
				LD_RUNPATH_SEARCH_PATHS = "$(inherited) @executable_path/Frameworks @loader_path/Frameworks";
				PRODUCT_NAME = "$(TARGET_NAME)";
				TEST_HOST = "$(BUILT_PRODUCTS_DIR)/Camera.app/Camera";
			};
			name = Debug;
		};
		7974F0F51AFEF69F00C379A7 /* Release */ = {
			isa = XCBuildConfiguration;
			buildSettings = {
				BUNDLE_LOADER = "$(TEST_HOST)";
				FRAMEWORK_SEARCH_PATHS = (
					"$(SDKROOT)/Developer/Library/Frameworks",
					"$(inherited)",
				);
				INFOPLIST_FILE = CameraTests/Info.plist;
				LD_RUNPATH_SEARCH_PATHS = "$(inherited) @executable_path/Frameworks @loader_path/Frameworks";
				PRODUCT_NAME = "$(TARGET_NAME)";
				TEST_HOST = "$(BUILT_PRODUCTS_DIR)/Camera.app/Camera";
			};
			name = Release;
		};
/* End XCBuildConfiguration section */

/* Begin XCConfigurationList section */
		7974F0CE1AFEF69F00C379A7 /* Build configuration list for PBXProject "Camera" */ = {
			isa = XCConfigurationList;
			buildConfigurations = (
				7974F0EE1AFEF69F00C379A7 /* Debug */,
				7974F0EF1AFEF69F00C379A7 /* Release */,
			);
			defaultConfigurationIsVisible = 0;
			defaultConfigurationName = Release;
		};
		7974F0F01AFEF69F00C379A7 /* Build configuration list for PBXNativeTarget "Camera" */ = {
			isa = XCConfigurationList;
			buildConfigurations = (
				7974F0F11AFEF69F00C379A7 /* Debug */,
				7974F0F21AFEF69F00C379A7 /* Release */,
			);
			defaultConfigurationIsVisible = 0;
			defaultConfigurationName = Release;
		};
		7974F0F31AFEF69F00C379A7 /* Build configuration list for PBXNativeTarget "CameraTests" */ = {
			isa = XCConfigurationList;
			buildConfigurations = (
				7974F0F41AFEF69F00C379A7 /* Debug */,
				7974F0F51AFEF69F00C379A7 /* Release */,
			);
			defaultConfigurationIsVisible = 0;
			defaultConfigurationName = Release;
		};
/* End XCConfigurationList section */
	};
	rootObject = 7974F0CB1AFEF69F00C379A7 /* Project object */;
}
